
Microsoft Visual Studio Solution File, Format Version 12.00
# Visual Studio Version 16
VisualStudioVersion = 16.0.31729.503
MinimumVisualStudioVersion = 10.0.40219.1
Project("{FAE04EC0-301F-11D3-BF4B-00C04F79EFBC}") = "TransitorDeImagens", "TransitorDeImagens\TransitorDeImagens.csproj", "{4D59592C-B285-4761-A87F-2188DE6BC419}"
EndProject
Global
	GlobalSection(SolutionConfigurationPlatforms) = preSolution
		Debug|Any CPU = Debug|Any CPU
		Release|Any CPU = Release|Any CPU
	EndGlobalSection
	GlobalSection(ProjectConfigurationPlatforms) = postSolution
		{4D59592C-B285-4761-A87F-2188DE6BC419}.Debug|Any CPU.ActiveCfg = Debug|Any CPU
		{4D59592C-B285-4761-A87F-2188DE6BC419}.Debug|Any CPU.Build.0 = Debug|Any CPU
		{4D59592C-B285-4761-A87F-2188DE6BC419}.Release|Any CPU.ActiveCfg = Release|Any CPU
		{4D59592C-B285-4761-A87F-2188DE6BC419}.Release|Any CPU.Build.0 = Release|Any CPU
	EndGlobalSection
	GlobalSection(SolutionProperties) = preSolution
		HideSolutionNode = FALSE
	EndGlobalSection
	GlobalSection(ExtensibilityGlobals) = postSolution
		SolutionGuid = {6CDD6C39-1EC8-41B8-9BEE-DBB7286552B1}
	EndGlobalSection
EndGlobal
